
Microsoft Visual Studio Solution File, Format Version 12.00
# Visual Studio Version 17
VisualStudioVersion = 17.13.35825.156
MinimumVisualStudioVersion = 10.0.40219.1
Project("{FAE04EC0-301F-11D3-BF4B-00C04F79EFBC}") = "LoadingApp", "LoadingApp.csproj", "{148C9D8E-17DC-47C2-818E-3770FC243016}"
EndProject
Project("{FAE04EC0-301F-11D3-BF4B-00C04F79EFBC}") = "LoadBusinessLogic", "Load_BusinessDataLogic\LoadBusinessLogic.csproj", "{6CDBE979-2F15-4F85-A6F7-3481F8AE31F4}"
EndProject
Project("{FAE04EC0-301F-11D3-BF4B-00C04F79EFBC}") = "LoadDataLogic", "LoadDataLogic\LoadDataLogic.csproj", "{B04CC88A-38F1-440D-9EB6-FCAC6E700E13}"
EndProject
Project("{FAE04EC0-301F-11D3-BF4B-00C04F79EFBC}") = "LoadCommon", "LoadCommon\LoadCommon.csproj", "{73787100-E6D0-4781-BD7B-9907A62F2660}"
EndProject
Global
	GlobalSection(SolutionConfigurationPlatforms) = preSolution
		Debug|Any CPU = Debug|Any CPU
		Release|Any CPU = Release|Any CPU
	EndGlobalSection
	GlobalSection(ProjectConfigurationPlatforms) = postSolution
		{148C9D8E-17DC-47C2-818E-3770FC243016}.Debug|Any CPU.ActiveCfg = Debug|Any CPU
		{148C9D8E-17DC-47C2-818E-3770FC243016}.Debug|Any CPU.Build.0 = Debug|Any CPU
		{148C9D8E-17DC-47C2-818E-3770FC243016}.Release|Any CPU.ActiveCfg = Release|Any CPU
		{148C9D8E-17DC-47C2-818E-3770FC243016}.Release|Any CPU.Build.0 = Release|Any CPU
		{6CDBE979-2F15-4F85-A6F7-3481F8AE31F4}.Debug|Any CPU.ActiveCfg = Debug|Any CPU
		{6CDBE979-2F15-4F85-A6F7-3481F8AE31F4}.Debug|Any CPU.Build.0 = Debug|Any CPU
		{6CDBE979-2F15-4F85-A6F7-3481F8AE31F4}.Release|Any CPU.ActiveCfg = Release|Any CPU
		{6CDBE979-2F15-4F85-A6F7-3481F8AE31F4}.Release|Any CPU.Build.0 = Release|Any CPU
		{B04CC88A-38F1-440D-9EB6-FCAC6E700E13}.Debug|Any CPU.ActiveCfg = Debug|Any CPU
		{B04CC88A-38F1-440D-9EB6-FCAC6E700E13}.Debug|Any CPU.Build.0 = Debug|Any CPU
		{B04CC88A-38F1-440D-9EB6-FCAC6E700E13}.Release|Any CPU.ActiveCfg = Release|Any CPU
		{B04CC88A-38F1-440D-9EB6-FCAC6E700E13}.Release|Any CPU.Build.0 = Release|Any CPU
		{73787100-E6D0-4781-BD7B-9907A62F2660}.Debug|Any CPU.ActiveCfg = Debug|Any CPU
		{73787100-E6D0-4781-BD7B-9907A62F2660}.Debug|Any CPU.Build.0 = Debug|Any CPU
		{73787100-E6D0-4781-BD7B-9907A62F2660}.Release|Any CPU.ActiveCfg = Release|Any CPU
		{73787100-E6D0-4781-BD7B-9907A62F2660}.Release|Any CPU.Build.0 = Release|Any CPU
	EndGlobalSection
	GlobalSection(SolutionProperties) = preSolution
		HideSolutionNode = FALSE
	EndGlobalSection
	GlobalSection(ExtensibilityGlobals) = postSolution
		SolutionGuid = {C8188A17-45E1-465A-BA7F-42A6FDE3CE7F}
	EndGlobalSection
EndGlobal
